// !$*UTF8*$!
{
	archiveVersion = 1;
	classes = {
	};
	objectVersion = 50;
	objects = {

/* Begin PBXBuildFile section */
		A1138935218C824800F4B718 /* AppDelegate.swift in Sources */ = {isa = PBXBuildFile; fileRef = A1138934218C824800F4B718 /* AppDelegate.swift */; };
		A1138937218C824800F4B718 /* ViewController.swift in Sources */ = {isa = PBXBuildFile; fileRef = A1138936218C824800F4B718 /* ViewController.swift */; };
		A113893A218C824800F4B718 /* Main.storyboard in Resources */ = {isa = PBXBuildFile; fileRef = A1138938218C824800F4B718 /* Main.storyboard */; };
		A113893C218C824900F4B718 /* Assets.xcassets in Resources */ = {isa = PBXBuildFile; fileRef = A113893B218C824900F4B718 /* Assets.xcassets */; };
		A113893F218C824900F4B718 /* LaunchScreen.storyboard in Resources */ = {isa = PBXBuildFile; fileRef = A113893D218C824900F4B718 /* LaunchScreen.storyboard */; };
		C84C48D521903CFC00DD0F47 /* ReelViewModel.swift in Sources */ = {isa = PBXBuildFile; fileRef = C84C48CA21903CFC00DD0F47 /* ReelViewModel.swift */; };
		C84C48D621903CFC00DD0F47 /* ReelRowViewPool.swift in Sources */ = {isa = PBXBuildFile; fileRef = C84C48CC21903CFC00DD0F47 /* ReelRowViewPool.swift */; };
		C84C48D721903CFC00DD0F47 /* ReelView.swift in Sources */ = {isa = PBXBuildFile; fileRef = C84C48CD21903CFC00DD0F47 /* ReelView.swift */; };
		C84C48D821903CFC00DD0F47 /* ReelRowItem.swift in Sources */ = {isa = PBXBuildFile; fileRef = C84C48CF21903CFC00DD0F47 /* ReelRowItem.swift */; };
		C84C48D921903CFC00DD0F47 /* ReelRowView+Additions.swift in Sources */ = {isa = PBXBuildFile; fileRef = C84C48D121903CFC00DD0F47 /* ReelRowView+Additions.swift */; };
		C84C48DA21903CFC00DD0F47 /* ReelRowView.swift in Sources */ = {isa = PBXBuildFile; fileRef = C84C48D321903CFC00DD0F47 /* ReelRowView.swift */; };
		C84C48DB21903CFC00DD0F47 /* ReelRowView.xib in Resources */ = {isa = PBXBuildFile; fileRef = C84C48D421903CFC00DD0F47 /* ReelRowView.xib */; };
		C84C48DD21904F2600DD0F47 /* ReelsView.swift in Sources */ = {isa = PBXBuildFile; fileRef = C84C48DC21904F2600DD0F47 /* ReelsView.swift */; };
		C84C48DF2190503500DD0F47 /* ReelsViewModel.swift in Sources */ = {isa = PBXBuildFile; fileRef = C84C48DE2190503500DD0F47 /* ReelsViewModel.swift */; };
		C8F0553D219064C1006B5CF2 /* UserData.swift in Sources */ = {isa = PBXBuildFile; fileRef = C8F0553C219064C1006B5CF2 /* UserData.swift */; };
/* End PBXBuildFile section */

/* Begin PBXFileReference section */
		A1138931218C824700F4B718 /* Slot.app */ = {isa = PBXFileReference; explicitFileType = wrapper.application; includeInIndex = 0; path = Slot.app; sourceTree = BUILT_PRODUCTS_DIR; };
		A1138934218C824800F4B718 /* AppDelegate.swift */ = {isa = PBXFileReference; lastKnownFileType = sourcecode.swift; path = AppDelegate.swift; sourceTree = "<group>"; };
		A1138936218C824800F4B718 /* ViewController.swift */ = {isa = PBXFileReference; lastKnownFileType = sourcecode.swift; path = ViewController.swift; sourceTree = "<group>"; };
		A1138939218C824800F4B718 /* Base */ = {isa = PBXFileReference; lastKnownFileType = file.storyboard; name = Base; path = Base.lproj/Main.storyboard; sourceTree = "<group>"; };
		A113893B218C824900F4B718 /* Assets.xcassets */ = {isa = PBXFileReference; lastKnownFileType = folder.assetcatalog; path = Assets.xcassets; sourceTree = "<group>"; };
		A113893E218C824900F4B718 /* Base */ = {isa = PBXFileReference; lastKnownFileType = file.storyboard; name = Base; path = Base.lproj/LaunchScreen.storyboard; sourceTree = "<group>"; };
		A1138940218C824900F4B718 /* Info.plist */ = {isa = PBXFileReference; lastKnownFileType = text.plist.xml; path = Info.plist; sourceTree = "<group>"; };
		C84C48CA21903CFC00DD0F47 /* ReelViewModel.swift */ = {isa = PBXFileReference; fileEncoding = 4; lastKnownFileType = sourcecode.swift; path = ReelViewModel.swift; sourceTree = "<group>"; };
		C84C48CC21903CFC00DD0F47 /* ReelRowViewPool.swift */ = {isa = PBXFileReference; fileEncoding = 4; lastKnownFileType = sourcecode.swift; path = ReelRowViewPool.swift; sourceTree = "<group>"; };
		C84C48CD21903CFC00DD0F47 /* ReelView.swift */ = {isa = PBXFileReference; fileEncoding = 4; lastKnownFileType = sourcecode.swift; path = ReelView.swift; sourceTree = "<group>"; };
		C84C48CF21903CFC00DD0F47 /* ReelRowItem.swift */ = {isa = PBXFileReference; fileEncoding = 4; lastKnownFileType = sourcecode.swift; path = ReelRowItem.swift; sourceTree = "<group>"; };
		C84C48D121903CFC00DD0F47 /* ReelRowView+Additions.swift */ = {isa = PBXFileReference; fileEncoding = 4; lastKnownFileType = sourcecode.swift; path = "ReelRowView+Additions.swift"; sourceTree = "<group>"; };
		C84C48D321903CFC00DD0F47 /* ReelRowView.swift */ = {isa = PBXFileReference; fileEncoding = 4; lastKnownFileType = sourcecode.swift; path = ReelRowView.swift; sourceTree = "<group>"; };
		C84C48D421903CFC00DD0F47 /* ReelRowView.xib */ = {isa = PBXFileReference; fileEncoding = 4; lastKnownFileType = file.xib; path = ReelRowView.xib; sourceTree = "<group>"; };
		C84C48DC21904F2600DD0F47 /* ReelsView.swift */ = {isa = PBXFileReference; lastKnownFileType = sourcecode.swift; path = ReelsView.swift; sourceTree = "<group>"; };
		C84C48DE2190503500DD0F47 /* ReelsViewModel.swift */ = {isa = PBXFileReference; lastKnownFileType = sourcecode.swift; path = ReelsViewModel.swift; sourceTree = "<group>"; };
		C8F0553C219064C1006B5CF2 /* UserData.swift */ = {isa = PBXFileReference; lastKnownFileType = sourcecode.swift; path = UserData.swift; sourceTree = "<group>"; };
/* End PBXFileReference section */

/* Begin PBXFrameworksBuildPhase section */
		A113892E218C824700F4B718 /* Frameworks */ = {
			isa = PBXFrameworksBuildPhase;
			buildActionMask = 2147483647;
			files = (
			);
			runOnlyForDeploymentPostprocessing = 0;
		};
/* End PBXFrameworksBuildPhase section */

/* Begin PBXGroup section */
		A1138928218C824700F4B718 = {
			isa = PBXGroup;
			children = (
				A113894C218C92B600F4B718 /* Classes */,
				A1138933218C824700F4B718 /* Slot */,
				A1138932218C824700F4B718 /* Products */,
			);
			sourceTree = "<group>";
		};
		A1138932218C824700F4B718 /* Products */ = {
			isa = PBXGroup;
			children = (
				A1138931218C824700F4B718 /* Slot.app */,
			);
			name = Products;
			sourceTree = "<group>";
		};
		A1138933218C824700F4B718 /* Slot */ = {
			isa = PBXGroup;
			children = (
				A1138934218C824800F4B718 /* AppDelegate.swift */,
				A1138936218C824800F4B718 /* ViewController.swift */,
				A1138938218C824800F4B718 /* Main.storyboard */,
				A113893B218C824900F4B718 /* Assets.xcassets */,
				A113893D218C824900F4B718 /* LaunchScreen.storyboard */,
				A1138940218C824900F4B718 /* Info.plist */,
			);
			path = Slot;
			sourceTree = "<group>";
		};
		A113894C218C92B600F4B718 /* Classes */ = {
			isa = PBXGroup;
			children = (
				C84C48C821903CFC00DD0F47 /* ReelView */,
				C8F0553B2190649E006B5CF2 /* UserData */,
			);
			path = Classes;
			sourceTree = "<group>";
		};
		C84C48C821903CFC00DD0F47 /* ReelView */ = {
			isa = PBXGroup;
			children = (
				C84C48DC21904F2600DD0F47 /* ReelsView.swift */,
				C84C48CD21903CFC00DD0F47 /* ReelView.swift */,
				C84C48D021903CFC00DD0F47 /* Extensions */,
				C84C48CE21903CFC00DD0F47 /* Models */,
				C84C48CB21903CFC00DD0F47 /* Pools */,
				C84C48C921903CFC00DD0F47 /* ViewModels */,
				C84C48D221903CFC00DD0F47 /* Views */,
			);
			path = ReelView;
			sourceTree = "<group>";
		};
		C84C48C921903CFC00DD0F47 /* ViewModels */ = {
			isa = PBXGroup;
			children = (
				C84C48DE2190503500DD0F47 /* ReelsViewModel.swift */,
				C84C48CA21903CFC00DD0F47 /* ReelViewModel.swift */,
			);
			path = ViewModels;
			sourceTree = "<group>";
		};
		C84C48CB21903CFC00DD0F47 /* Pools */ = {
			isa = PBXGroup;
			children = (
				C84C48CC21903CFC00DD0F47 /* ReelRowViewPool.swift */,
			);
			path = Pools;
			sourceTree = "<group>";
		};
		C84C48CE21903CFC00DD0F47 /* Models */ = {
			isa = PBXGroup;
			children = (
				C84C48CF21903CFC00DD0F47 /* ReelRowItem.swift */,
			);
			path = Models;
			sourceTree = "<group>";
		};
		C84C48D021903CFC00DD0F47 /* Extensions */ = {
			isa = PBXGroup;
			children = (
				C84C48D121903CFC00DD0F47 /* ReelRowView+Additions.swift */,
			);
			path = Extensions;
			sourceTree = "<group>";
		};
		C84C48D221903CFC00DD0F47 /* Views */ = {
			isa = PBXGroup;
			children = (
				C84C48D321903CFC00DD0F47 /* ReelRowView.swift */,
				C84C48D421903CFC00DD0F47 /* ReelRowView.xib */,
			);
			path = Views;
			sourceTree = "<group>";
		};
		C8F0553B2190649E006B5CF2 /* UserData */ = {
			isa = PBXGroup;
			children = (
				C8F0553C219064C1006B5CF2 /* UserData.swift */,
			);
			path = UserData;
			sourceTree = "<group>";
		};
/* End PBXGroup section */

/* Begin PBXNativeTarget section */
		A1138930218C824700F4B718 /* Slot */ = {
			isa = PBXNativeTarget;
			buildConfigurationList = A1138943218C824900F4B718 /* Build configuration list for PBXNativeTarget "Slot" */;
			buildPhases = (
				A113892D218C824700F4B718 /* Sources */,
				A113892E218C824700F4B718 /* Frameworks */,
				A113892F218C824700F4B718 /* Resources */,
			);
			buildRules = (
			);
			dependencies = (
			);
			name = Slot;
			productName = Slot;
			productReference = A1138931218C824700F4B718 /* Slot.app */;
			productType = "com.apple.product-type.application";
		};
/* End PBXNativeTarget section */

/* Begin PBXProject section */
		A1138929218C824700F4B718 /* Project object */ = {
			isa = PBXProject;
			attributes = {
				LastSwiftUpdateCheck = 0940;
				LastUpgradeCheck = 0940;
				ORGANIZATIONNAME = Ven;
				TargetAttributes = {
					A1138930218C824700F4B718 = {
						CreatedOnToolsVersion = 9.4.1;
					};
				};
			};
			buildConfigurationList = A113892C218C824700F4B718 /* Build configuration list for PBXProject "Slot" */;
			compatibilityVersion = "Xcode 9.3";
			developmentRegion = en;
			hasScannedForEncodings = 0;
			knownRegions = (
				en,
				Base,
			);
			mainGroup = A1138928218C824700F4B718;
			productRefGroup = A1138932218C824700F4B718 /* Products */;
			projectDirPath = "";
			projectRoot = "";
			targets = (
				A1138930218C824700F4B718 /* Slot */,
			);
		};
/* End PBXProject section */

/* Begin PBXResourcesBuildPhase section */
		A113892F218C824700F4B718 /* Resources */ = {
			isa = PBXResourcesBuildPhase;
			buildActionMask = 2147483647;
			files = (
				A113893F218C824900F4B718 /* LaunchScreen.storyboard in Resources */,
				A113893C218C824900F4B718 /* Assets.xcassets in Resources */,
				A113893A218C824800F4B718 /* Main.storyboard in Resources */,
				C84C48DB21903CFC00DD0F47 /* ReelRowView.xib in Resources */,
			);
			runOnlyForDeploymentPostprocessing = 0;
		};
/* End PBXResourcesBuildPhase section */

/* Begin PBXSourcesBuildPhase section */
		A113892D218C824700F4B718 /* Sources */ = {
			isa = PBXSourcesBuildPhase;
			buildActionMask = 2147483647;
			files = (
				C84C48DF2190503500DD0F47 /* ReelsViewModel.swift in Sources */,
				C84C48D521903CFC00DD0F47 /* ReelViewModel.swift in Sources */,
				C84C48D921903CFC00DD0F47 /* ReelRowView+Additions.swift in Sources */,
				C84C48D821903CFC00DD0F47 /* ReelRowItem.swift in Sources */,
				C84C48D621903CFC00DD0F47 /* ReelRowViewPool.swift in Sources */,
				C8F0553D219064C1006B5CF2 /* UserData.swift in Sources */,
				C84C48D721903CFC00DD0F47 /* ReelView.swift in Sources */,
				A1138937218C824800F4B718 /* ViewController.swift in Sources */,
				A1138935218C824800F4B718 /* AppDelegate.swift in Sources */,
				C84C48DD21904F2600DD0F47 /* ReelsView.swift in Sources */,
				C84C48DA21903CFC00DD0F47 /* ReelRowView.swift in Sources */,
			);
			runOnlyForDeploymentPostprocessing = 0;
		};
/* End PBXSourcesBuildPhase section */

/* Begin PBXVariantGroup section */
		A1138938218C824800F4B718 /* Main.storyboard */ = {
			isa = PBXVariantGroup;
			children = (
				A1138939218C824800F4B718 /* Base */,
			);
			name = Main.storyboard;
			sourceTree = "<group>";
		};
		A113893D218C824900F4B718 /* LaunchScreen.storyboard */ = {
			isa = PBXVariantGroup;
			children = (
				A113893E218C824900F4B718 /* Base */,
			);
			name = LaunchScreen.storyboard;
			sourceTree = "<group>";
		};
/* End PBXVariantGroup section */

/* Begin XCBuildConfiguration section */
		A1138941218C824900F4B718 /* Debug */ = {
			isa = XCBuildConfiguration;
			buildSettings = {
				ALWAYS_SEARCH_USER_PATHS = NO;
				CLANG_ANALYZER_NONNULL = YES;
				CLANG_ANALYZER_NUMBER_OBJECT_CONVERSION = YES_AGGRESSIVE;
				CLANG_CXX_LANGUAGE_STANDARD = "gnu++14";
				CLANG_CXX_LIBRARY = "libc++";
				CLANG_ENABLE_MODULES = YES;
				CLANG_ENABLE_OBJC_ARC = YES;
				CLANG_ENABLE_OBJC_WEAK = YES;
				CLANG_WARN_BLOCK_CAPTURE_AUTORELEASING = YES;
				CLANG_WARN_BOOL_CONVERSION = YES;
				CLANG_WARN_COMMA = YES;
				CLANG_WARN_CONSTANT_CONVERSION = YES;
				CLANG_WARN_DEPRECATED_OBJC_IMPLEMENTATIONS = YES;
				CLANG_WARN_DIRECT_OBJC_ISA_USAGE = YES_ERROR;
				CLANG_WARN_DOCUMENTATION_COMMENTS = YES;
				CLANG_WARN_EMPTY_BODY = YES;
				CLANG_WARN_ENUM_CONVERSION = YES;
				CLANG_WARN_INFINITE_RECURSION = YES;
				CLANG_WARN_INT_CONVERSION = YES;
				CLANG_WARN_NON_LITERAL_NULL_CONVERSION = YES;
				CLANG_WARN_OBJC_IMPLICIT_RETAIN_SELF = YES;
				CLANG_WARN_OBJC_LITERAL_CONVERSION = YES;
				CLANG_WARN_OBJC_ROOT_CLASS = YES_ERROR;
				CLANG_WARN_RANGE_LOOP_ANALYSIS = YES;
				CLANG_WARN_STRICT_PROTOTYPES = YES;
				CLANG_WARN_SUSPICIOUS_MOVE = YES;
				CLANG_WARN_UNGUARDED_AVAILABILITY = YES_AGGRESSIVE;
				CLANG_WARN_UNREACHABLE_CODE = YES;
				CLANG_WARN__DUPLICATE_METHOD_MATCH = YES;
				CODE_SIGN_IDENTITY = "iPhone Developer";
				COPY_PHASE_STRIP = NO;
				DEBUG_INFORMATION_FORMAT = dwarf;
				ENABLE_STRICT_OBJC_MSGSEND = YES;
				ENABLE_TESTABILITY = YES;
				GCC_C_LANGUAGE_STANDARD = gnu11;
				GCC_DYNAMIC_NO_PIC = NO;
				GCC_NO_COMMON_BLOCKS = YES;
				GCC_OPTIMIZATION_LEVEL = 0;
				GCC_PREPROCESSOR_DEFINITIONS = (
					"DEBUG=1",
					"$(inherited)",
				);
				GCC_WARN_64_TO_32_BIT_CONVERSION = YES;
				GCC_WARN_ABOUT_RETURN_TYPE = YES_ERROR;
				GCC_WARN_UNDECLARED_SELECTOR = YES;
				GCC_WARN_UNINITIALIZED_AUTOS = YES_AGGRESSIVE;
				GCC_WARN_UNUSED_FUNCTION = YES;
				GCC_WARN_UNUSED_VARIABLE = YES;
				IPHONEOS_DEPLOYMENT_TARGET = 11.4;
				MTL_ENABLE_DEBUG_INFO = YES;
				ONLY_ACTIVE_ARCH = YES;
				SDKROOT = iphoneos;
				SWIFT_ACTIVE_COMPILATION_CONDITIONS = DEBUG;
				SWIFT_OPTIMIZATION_LEVEL = "-Onone";
			};
			name = Debug;
		};
		A1138942218C824900F4B718 /* Release */ = {
			isa = XCBuildConfiguration;
			buildSettings = {
				ALWAYS_SEARCH_USER_PATHS = NO;
				CLANG_ANALYZER_NONNULL = YES;
				CLANG_ANALYZER_NUMBER_OBJECT_CONVERSION = YES_AGGRESSIVE;
				CLANG_CXX_LANGUAGE_STANDARD = "gnu++14";
				CLANG_CXX_LIBRARY = "libc++";
				CLANG_ENABLE_MODULES = YES;
				CLANG_ENABLE_OBJC_ARC = YES;
				CLANG_ENABLE_OBJC_WEAK = YES;
				CLANG_WARN_BLOCK_CAPTURE_AUTORELEASING = YES;
				CLANG_WARN_BOOL_CONVERSION = YES;
				CLANG_WARN_COMMA = YES;
				CLANG_WARN_CONSTANT_CONVERSION = YES;
				CLANG_WARN_DEPRECATED_OBJC_IMPLEMENTATIONS = YES;
				CLANG_WARN_DIRECT_OBJC_ISA_USAGE = YES_ERROR;
				CLANG_WARN_DOCUMENTATION_COMMENTS = YES;
				CLANG_WARN_EMPTY_BODY = YES;
				CLANG_WARN_ENUM_CONVERSION = YES;
				CLANG_WARN_INFINITE_RECURSION = YES;
				CLANG_WARN_INT_CONVERSION = YES;
				CLANG_WARN_NON_LITERAL_NULL_CONVERSION = YES;
				CLANG_WARN_OBJC_IMPLICIT_RETAIN_SELF = YES;
				CLANG_WARN_OBJC_LITERAL_CONVERSION = YES;
				CLANG_WARN_OBJC_ROOT_CLASS = YES_ERROR;
				CLANG_WARN_RANGE_LOOP_ANALYSIS = YES;
				CLANG_WARN_STRICT_PROTOTYPES = YES;
				CLANG_WARN_SUSPICIOUS_MOVE = YES;
				CLANG_WARN_UNGUARDED_AVAILABILITY = YES_AGGRESSIVE;
				CLANG_WARN_UNREACHABLE_CODE = YES;
				CLANG_WARN__DUPLICATE_METHOD_MATCH = YES;
				CODE_SIGN_IDENTITY = "iPhone Developer";
				COPY_PHASE_STRIP = NO;
				DEBUG_INFORMATION_FORMAT = "dwarf-with-dsym";
				ENABLE_NS_ASSERTIONS = NO;
				ENABLE_STRICT_OBJC_MSGSEND = YES;
				GCC_C_LANGUAGE_STANDARD = gnu11;
				GCC_NO_COMMON_BLOCKS = YES;
				GCC_WARN_64_TO_32_BIT_CONVERSION = YES;
				GCC_WARN_ABOUT_RETURN_TYPE = YES_ERROR;
				GCC_WARN_UNDECLARED_SELECTOR = YES;
				GCC_WARN_UNINITIALIZED_AUTOS = YES_AGGRESSIVE;
				GCC_WARN_UNUSED_FUNCTION = YES;
				GCC_WARN_UNUSED_VARIABLE = YES;
				IPHONEOS_DEPLOYMENT_TARGET = 11.4;
				MTL_ENABLE_DEBUG_INFO = NO;
				SDKROOT = iphoneos;
				SWIFT_COMPILATION_MODE = wholemodule;
				SWIFT_OPTIMIZATION_LEVEL = "-O";
				VALIDATE_PRODUCT = YES;
			};
			name = Release;
		};
		A1138944218C824900F4B718 /* Debug */ = {
			isa = XCBuildConfiguration;
			buildSettings = {
				ASSETCATALOG_COMPILER_APPICON_NAME = AppIcon;
				CODE_SIGN_STYLE = Manual;
				DEVELOPMENT_TEAM = 938T6APP84;
				INFOPLIST_FILE = Slot/Info.plist;
				IPHONEOS_DEPLOYMENT_TARGET = 9.0;
				LD_RUNPATH_SEARCH_PATHS = (
					"$(inherited)",
					"@executable_path/Frameworks",
				);
				PRODUCT_BUNDLE_IDENTIFIER = com.sap.ven.slot;
				PRODUCT_NAME = "$(TARGET_NAME)";
				PROVISIONING_PROFILE = "152ae6ba-5bea-49ae-bce2-18287678a736";
				PROVISIONING_PROFILE_SPECIFIER = Developer;
				SWIFT_VERSION = 4.0;
				TARGETED_DEVICE_FAMILY = 1;
			};
			name = Debug;
		};
		A1138945218C824900F4B718 /* Release */ = {
			isa = XCBuildConfiguration;
			buildSettings = {
				ASSETCATALOG_COMPILER_APPICON_NAME = AppIcon;
				CODE_SIGN_IDENTITY = "iPhone Distribution";
				CODE_SIGN_STYLE = Manual;
				DEVELOPMENT_TEAM = 938T6APP84;
				INFOPLIST_FILE = Slot/Info.plist;
				IPHONEOS_DEPLOYMENT_TARGET = 9.0;
				LD_RUNPATH_SEARCH_PATHS = (
					"$(inherited)",
					"@executable_path/Frameworks",
				);
				PRODUCT_BUNDLE_IDENTIFIER = com.sap.ven.slot;
				PRODUCT_NAME = "$(TARGET_NAME)";
				PROVISIONING_PROFILE_SPECIFIER = SlotMachineVen;
				SWIFT_VERSION = 4.0;
				TARGETED_DEVICE_FAMILY = 1;
			};
			name = Release;
		};
/* End XCBuildConfiguration section */

/* Begin XCConfigurationList section */
		A113892C218C824700F4B718 /* Build configuration list for PBXProject "Slot" */ = {
			isa = XCConfigurationList;
			buildConfigurations = (
				A1138941218C824900F4B718 /* Debug */,
				A1138942218C824900F4B718 /* Release */,
			);
			defaultConfigurationIsVisible = 0;
			defaultConfigurationName = Release;
		};
		A1138943218C824900F4B718 /* Build configuration list for PBXNativeTarget "Slot" */ = {
			isa = XCConfigurationList;
			buildConfigurations = (
				A1138944218C824900F4B718 /* Debug */,
				A1138945218C824900F4B718 /* Release */,
			);
			defaultConfigurationIsVisible = 0;
			defaultConfigurationName = Release;
		};
/* End XCConfigurationList section */
	};
	rootObject = A1138929218C824700F4B718 /* Project object */;
}
